{
    "version": 3,
    "terraform_version": "0.10.6",
    "serial": 9,
    "lineage": "734c8ad2-41e9-4bdd-8816-433741ea17e4",
    "modules": [
        {
            "path": [
                "root"
            ],
            "outputs": {},
            "resources": {
                "aws_instance.master": {
                    "type": "aws_instance",
                    "depends_on": [
                        "aws_subnet.test_subnet"
                    ],
                    "primary": {
                        "id": "i-051f5289bb08ade27",
                        "attributes": {
                            "ami": "ami-aa5ebdd2",
                            "associate_public_ip_address": "false",
                            "availability_zone": "us-west-2c",
                            "disable_api_termination": "false",
                            "ebs_block_device.#": "0",
                            "ebs_optimized": "false",
                            "ephemeral_block_device.#": "0",
                            "iam_instance_profile": "",
                            "id": "i-051f5289bb08ade27",
                            "instance_state": "running",
                            "instance_type": "t2.micro",
                            "ipv6_addresses.#": "0",
                            "key_name": "Puppet_oregon",
                            "monitoring": "false",
                            "network_interface.#": "0",
                            "network_interface_id": "eni-ffb55afd",
                            "primary_network_interface_id": "eni-ffb55afd",
                            "private_dns": "ip-10-3-1-181.us-west-2.compute.internal",
                            "private_ip": "10.3.1.181",
                            "public_dns": "",
                            "public_ip": "",
                            "root_block_device.#": "1",
                            "root_block_device.0.delete_on_termination": "true",
                            "root_block_device.0.iops": "100",
                            "root_block_device.0.volume_size": "8",
                            "root_block_device.0.volume_type": "gp2",
                            "security_groups.#": "0",
                            "source_dest_check": "true",
                            "subnet_id": "subnet-371c486c",
                            "tags.%": "0",
                            "tenancy": "default",
                            "volume_tags.%": "0",
                            "vpc_security_group_ids.#": "1",
                            "vpc_security_group_ids.2508313470": "sg-9ce24fe1"
                        },
                        "meta": {
                            "e2bfb730-ecaa-11e6-8f88-34363bc7c4c0": {
                                "create": 600000000000,
                                "delete": 600000000000,
                                "update": 600000000000
                            },
                            "schema_version": "1"
                        },
                        "tainted": false
                    },
                    "deposed": [],
                    "provider": ""
                },
                "aws_instance.slave": {
                    "type": "aws_instance",
                    "depends_on": [
                        "aws_instance.master",
                        "aws_subnet.test_subnet"
                    ],
                    "primary": {
                        "id": "i-0c0c09e08cd120994",
                        "attributes": {
                            "ami": "ami-aa5ebdd2",
                            "associate_public_ip_address": "false",
                            "availability_zone": "us-west-2c",
                            "disable_api_termination": "false",
                            "ebs_block_device.#": "0",
                            "ebs_optimized": "false",
                            "ephemeral_block_device.#": "0",
                            "iam_instance_profile": "",
                            "id": "i-0c0c09e08cd120994",
                            "instance_state": "running",
                            "instance_type": "t2.micro",
                            "ipv6_addresses.#": "0",
                            "key_name": "Puppet_oregon",
                            "monitoring": "false",
                            "network_interface.#": "0",
                            "network_interface_id": "eni-88b05f8a",
                            "primary_network_interface_id": "eni-88b05f8a",
                            "private_dns": "ip-10-3-1-200.us-west-2.compute.internal",
                            "private_ip": "10.3.1.200",
                            "public_dns": "",
                            "public_ip": "",
                            "root_block_device.#": "1",
                            "root_block_device.0.delete_on_termination": "true",
                            "root_block_device.0.iops": "100",
                            "root_block_device.0.volume_size": "8",
                            "root_block_device.0.volume_type": "gp2",
                            "security_groups.#": "0",
                            "source_dest_check": "true",
                            "subnet_id": "subnet-371c486c",
                            "tags.%": "1",
                            "tags.master_prv_DNS": "ip-10-3-1-181.us-west-2.compute.internal",
                            "tenancy": "default",
                            "volume_tags.%": "0",
                            "vpc_security_group_ids.#": "1",
                            "vpc_security_group_ids.2508313470": "sg-9ce24fe1"
                        },
                        "meta": {
                            "e2bfb730-ecaa-11e6-8f88-34363bc7c4c0": {
                                "create": 600000000000,
                                "delete": 600000000000,
                                "update": 600000000000
                            },
                            "schema_version": "1"
                        },
                        "tainted": false
                    },
                    "deposed": [],
                    "provider": ""
                },
                "aws_subnet.test_subnet": {
                    "type": "aws_subnet",
                    "depends_on": [
                        "aws_vpc.testVpc"
                    ],
                    "primary": {
                        "id": "subnet-371c486c",
                        "attributes": {
                            "assign_ipv6_address_on_creation": "false",
                            "availability_zone": "us-west-2c",
                            "cidr_block": "10.3.1.0/24",
                            "id": "subnet-371c486c",
                            "map_public_ip_on_launch": "false",
                            "tags.%": "0",
                            "vpc_id": "vpc-a4c8b4c2"
                        },
                        "meta": {
                            "schema_version": "1"
                        },
                        "tainted": false
                    },
                    "deposed": [],
                    "provider": ""
                },
                "aws_vpc.testVpc": {
                    "type": "aws_vpc",
                    "depends_on": [],
                    "primary": {
                        "id": "vpc-a4c8b4c2",
                        "attributes": {
                            "assign_generated_ipv6_cidr_block": "false",
                            "cidr_block": "10.3.0.0/16",
                            "default_network_acl_id": "acl-d25b48b4",
                            "default_route_table_id": "rtb-48c76631",
                            "default_security_group_id": "sg-9ce24fe1",
                            "dhcp_options_id": "dopt-91add2f5",
                            "enable_classiclink": "false",
                            "enable_classiclink_dns_support": "false",
                            "enable_dns_hostnames": "false",
                            "enable_dns_support": "true",
                            "id": "vpc-a4c8b4c2",
                            "instance_tenancy": "default",
                            "main_route_table_id": "rtb-48c76631",
                            "tags.%": "0"
                        },
                        "meta": {
                            "schema_version": "1"
                        },
                        "tainted": false
                    },
                    "deposed": [],
                    "provider": ""
                }
            },
            "depends_on": []
        }
    ]
}
